
Microsoft Visual Studio Solution File, Format Version 12.00
# Visual Studio Version 16
VisualStudioVersion = 16.0.32901.82
MinimumVisualStudioVersion = 10.0.40219.1
Project("{FAE04EC0-301F-11D3-BF4B-00C04F79EFBC}") = "uygulama2", "uygulama2\uygulama2.csproj", "{5AE14624-30DF-4C69-A697-1B9211EAC7A7}"
EndProject
Global
	GlobalSection(SolutionConfigurationPlatforms) = preSolution
		Debug|Any CPU = Debug|Any CPU
		Release|Any CPU = Release|Any CPU
	EndGlobalSection
	GlobalSection(ProjectConfigurationPlatforms) = postSolution
		{5AE14624-30DF-4C69-A697-1B9211EAC7A7}.Debug|Any CPU.ActiveCfg = Debug|Any CPU
		{5AE14624-30DF-4C69-A697-1B9211EAC7A7}.Debug|Any CPU.Build.0 = Debug|Any CPU
		{5AE14624-30DF-4C69-A697-1B9211EAC7A7}.Release|Any CPU.ActiveCfg = Release|Any CPU
		{5AE14624-30DF-4C69-A697-1B9211EAC7A7}.Release|Any CPU.Build.0 = Release|Any CPU
	EndGlobalSection
	GlobalSection(SolutionProperties) = preSolution
		HideSolutionNode = FALSE
	EndGlobalSection
	GlobalSection(ExtensibilityGlobals) = postSolution
		SolutionGuid = {B17F599E-8F4A-46D8-B675-88C0984354F2}
	EndGlobalSection
EndGlobal
