
Microsoft Visual Studio Solution File, Format Version 12.00
# Visual Studio Version 16
VisualStudioVersion = 16.0.32901.82
MinimumVisualStudioVersion = 10.0.40219.1
Project("{FAE04EC0-301F-11D3-BF4B-00C04F79EFBC}") = "uygulama3", "uygulama3\uygulama3.csproj", "{DEDA8F49-6800-4395-AA07-65E2349B594B}"
EndProject
Global
	GlobalSection(SolutionConfigurationPlatforms) = preSolution
		Debug|Any CPU = Debug|Any CPU
		Release|Any CPU = Release|Any CPU
	EndGlobalSection
	GlobalSection(ProjectConfigurationPlatforms) = postSolution
		{DEDA8F49-6800-4395-AA07-65E2349B594B}.Debug|Any CPU.ActiveCfg = Debug|Any CPU
		{DEDA8F49-6800-4395-AA07-65E2349B594B}.Debug|Any CPU.Build.0 = Debug|Any CPU
		{DEDA8F49-6800-4395-AA07-65E2349B594B}.Release|Any CPU.ActiveCfg = Release|Any CPU
		{DEDA8F49-6800-4395-AA07-65E2349B594B}.Release|Any CPU.Build.0 = Release|Any CPU
	EndGlobalSection
	GlobalSection(SolutionProperties) = preSolution
		HideSolutionNode = FALSE
	EndGlobalSection
	GlobalSection(ExtensibilityGlobals) = postSolution
		SolutionGuid = {F9B7FF6A-919C-4184-8271-8E8906CF2E1D}
	EndGlobalSection
EndGlobal
